// !$*UTF8*$!
{
	archiveVersion = 1;
	classes = {
	};
	objectVersion = 46;
	objects = {

/* Begin PBXBuildFile section */
		0D0107C91F31BA0B0099F55C /* AppDelegate.swift in Sources */ = {isa = PBXBuildFile; fileRef = 0D0107C81F31BA0B0099F55C /* AppDelegate.swift */; };
		0D0107CB1F31BA0B0099F55C /* ViewController.swift in Sources */ = {isa = PBXBuildFile; fileRef = 0D0107CA1F31BA0B0099F55C /* ViewController.swift */; };
		0D0107CE1F31BA0B0099F55C /* Main.storyboard in Resources */ = {isa = PBXBuildFile; fileRef = 0D0107CC1F31BA0B0099F55C /* Main.storyboard */; };
		0D0107D01F31BA0B0099F55C /* Assets.xcassets in Resources */ = {isa = PBXBuildFile; fileRef = 0D0107CF1F31BA0B0099F55C /* Assets.xcassets */; };
		0D0107D31F31BA0B0099F55C /* LaunchScreen.storyboard in Resources */ = {isa = PBXBuildFile; fileRef = 0D0107D11F31BA0B0099F55C /* LaunchScreen.storyboard */; };
		0D0107DE1F31BA0C0099F55C /* __Tests.swift in Sources */ = {isa = PBXBuildFile; fileRef = 0D0107DD1F31BA0C0099F55C /* __Tests.swift */; };
		0D0107E91F31BA0C0099F55C /* __UITests.swift in Sources */ = {isa = PBXBuildFile; fileRef = 0D0107E81F31BA0C0099F55C /* __UITests.swift */; };
		0D0107FB1F31BD030099F55C /* 03.jpg in Resources */ = {isa = PBXBuildFile; fileRef = 0D0107F61F31BD030099F55C /* 03.jpg */; };
		0D0107FC1F31BD030099F55C /* 04.jpg in Resources */ = {isa = PBXBuildFile; fileRef = 0D0107F71F31BD030099F55C /* 04.jpg */; };
		0D0107FD1F31BD030099F55C /* 01.jpg in Resources */ = {isa = PBXBuildFile; fileRef = 0D0107F81F31BD030099F55C /* 01.jpg */; };
		0D0107FE1F31BD030099F55C /* 02.jpg in Resources */ = {isa = PBXBuildFile; fileRef = 0D0107F91F31BD030099F55C /* 02.jpg */; };
		0D0107FF1F31BD030099F55C /* 05.jpg in Resources */ = {isa = PBXBuildFile; fileRef = 0D0107FA1F31BD030099F55C /* 05.jpg */; };
/* End PBXBuildFile section */

/* Begin PBXContainerItemProxy section */
		0D0107DA1F31BA0C0099F55C /* PBXContainerItemProxy */ = {
			isa = PBXContainerItemProxy;
			containerPortal = 0D0107BD1F31BA0B0099F55C /* Project object */;
			proxyType = 1;
			remoteGlobalIDString = 0D0107C41F31BA0B0099F55C;
			remoteInfo = "相冊";
		};
		0D0107E51F31BA0C0099F55C /* PBXContainerItemProxy */ = {
			isa = PBXContainerItemProxy;
			containerPortal = 0D0107BD1F31BA0B0099F55C /* Project object */;
			proxyType = 1;
			remoteGlobalIDString = 0D0107C41F31BA0B0099F55C;
			remoteInfo = "相冊";
		};
/* End PBXContainerItemProxy section */

/* Begin PBXFileReference section */
		0D0107C51F31BA0B0099F55C /* 相冊.app */ = {isa = PBXFileReference; explicitFileType = wrapper.application; includeInIndex = 0; path = "相冊.app"; sourceTree = BUILT_PRODUCTS_DIR; };
		0D0107C81F31BA0B0099F55C /* AppDelegate.swift */ = {isa = PBXFileReference; lastKnownFileType = sourcecode.swift; path = AppDelegate.swift; sourceTree = "<group>"; };
		0D0107CA1F31BA0B0099F55C /* ViewController.swift */ = {isa = PBXFileReference; lastKnownFileType = sourcecode.swift; path = ViewController.swift; sourceTree = "<group>"; };
		0D0107CD1F31BA0B0099F55C /* Base */ = {isa = PBXFileReference; lastKnownFileType = file.storyboard; name = Base; path = Base.lproj/Main.storyboard; sourceTree = "<group>"; };
		0D0107CF1F31BA0B0099F55C /* Assets.xcassets */ = {isa = PBXFileReference; lastKnownFileType = folder.assetcatalog; path = Assets.xcassets; sourceTree = "<group>"; };
		0D0107D21F31BA0B0099F55C /* Base */ = {isa = PBXFileReference; lastKnownFileType = file.storyboard; name = Base; path = Base.lproj/LaunchScreen.storyboard; sourceTree = "<group>"; };
		0D0107D41F31BA0B0099F55C /* Info.plist */ = {isa = PBXFileReference; lastKnownFileType = text.plist.xml; path = Info.plist; sourceTree = "<group>"; };
		0D0107D91F31BA0C0099F55C /* 相冊Tests.xctest */ = {isa = PBXFileReference; explicitFileType = wrapper.cfbundle; includeInIndex = 0; path = "相冊Tests.xctest"; sourceTree = BUILT_PRODUCTS_DIR; };
		0D0107DD1F31BA0C0099F55C /* __Tests.swift */ = {isa = PBXFileReference; lastKnownFileType = sourcecode.swift; path = __Tests.swift; sourceTree = "<group>"; };
		0D0107DF1F31BA0C0099F55C /* Info.plist */ = {isa = PBXFileReference; lastKnownFileType = text.plist.xml; path = Info.plist; sourceTree = "<group>"; };
		0D0107E41F31BA0C0099F55C /* 相冊UITests.xctest */ = {isa = PBXFileReference; explicitFileType = wrapper.cfbundle; includeInIndex = 0; path = "相冊UITests.xctest"; sourceTree = BUILT_PRODUCTS_DIR; };
		0D0107E81F31BA0C0099F55C /* __UITests.swift */ = {isa = PBXFileReference; lastKnownFileType = sourcecode.swift; path = __UITests.swift; sourceTree = "<group>"; };
		0D0107EA1F31BA0C0099F55C /* Info.plist */ = {isa = PBXFileReference; lastKnownFileType = text.plist.xml; path = Info.plist; sourceTree = "<group>"; };
		0D0107F61F31BD030099F55C /* 03.jpg */ = {isa = PBXFileReference; lastKnownFileType = image.jpeg; path = 03.jpg; sourceTree = "<group>"; };
		0D0107F71F31BD030099F55C /* 04.jpg */ = {isa = PBXFileReference; lastKnownFileType = image.jpeg; path = 04.jpg; sourceTree = "<group>"; };
		0D0107F81F31BD030099F55C /* 01.jpg */ = {isa = PBXFileReference; lastKnownFileType = image.jpeg; path = 01.jpg; sourceTree = "<group>"; };
		0D0107F91F31BD030099F55C /* 02.jpg */ = {isa = PBXFileReference; lastKnownFileType = image.jpeg; path = 02.jpg; sourceTree = "<group>"; };
		0D0107FA1F31BD030099F55C /* 05.jpg */ = {isa = PBXFileReference; lastKnownFileType = image.jpeg; path = 05.jpg; sourceTree = "<group>"; };
/* End PBXFileReference section */

/* Begin PBXFrameworksBuildPhase section */
		0D0107C21F31BA0B0099F55C /* Frameworks */ = {
			isa = PBXFrameworksBuildPhase;
			buildActionMask = 2147483647;
			files = (
			);
			runOnlyForDeploymentPostprocessing = 0;
		};
		0D0107D61F31BA0C0099F55C /* Frameworks */ = {
			isa = PBXFrameworksBuildPhase;
			buildActionMask = 2147483647;
			files = (
			);
			runOnlyForDeploymentPostprocessing = 0;
		};
		0D0107E11F31BA0C0099F55C /* Frameworks */ = {
			isa = PBXFrameworksBuildPhase;
			buildActionMask = 2147483647;
			files = (
			);
			runOnlyForDeploymentPostprocessing = 0;
		};
/* End PBXFrameworksBuildPhase section */

/* Begin PBXGroup section */
		0D0107BC1F31BA0B0099F55C = {
			isa = PBXGroup;
			children = (
				0D0107C71F31BA0B0099F55C /* 相冊 */,
				0D0107DC1F31BA0C0099F55C /* 相冊Tests */,
				0D0107E71F31BA0C0099F55C /* 相冊UITests */,
				0D0107C61F31BA0B0099F55C /* Products */,
			);
			sourceTree = "<group>";
		};
		0D0107C61F31BA0B0099F55C /* Products */ = {
			isa = PBXGroup;
			children = (
				0D0107C51F31BA0B0099F55C /* 相冊.app */,
				0D0107D91F31BA0C0099F55C /* 相冊Tests.xctest */,
				0D0107E41F31BA0C0099F55C /* 相冊UITests.xctest */,
			);
			name = Products;
			sourceTree = "<group>";
		};
		0D0107C71F31BA0B0099F55C /* 相冊 */ = {
			isa = PBXGroup;
			children = (
				0D0107C81F31BA0B0099F55C /* AppDelegate.swift */,
				0D0107CA1F31BA0B0099F55C /* ViewController.swift */,
				0D0107CC1F31BA0B0099F55C /* Main.storyboard */,
				0D0108011F31BD850099F55C /* images */,
				0D0107CF1F31BA0B0099F55C /* Assets.xcassets */,
				0D0107D11F31BA0B0099F55C /* LaunchScreen.storyboard */,
				0D0107D41F31BA0B0099F55C /* Info.plist */,
			);
			path = "相冊";
			sourceTree = "<group>";
		};
		0D0107DC1F31BA0C0099F55C /* 相冊Tests */ = {
			isa = PBXGroup;
			children = (
				0D0107DD1F31BA0C0099F55C /* __Tests.swift */,
				0D0107DF1F31BA0C0099F55C /* Info.plist */,
			);
			path = "相冊Tests";
			sourceTree = "<group>";
		};
		0D0107E71F31BA0C0099F55C /* 相冊UITests */ = {
			isa = PBXGroup;
			children = (
				0D0107E81F31BA0C0099F55C /* __UITests.swift */,
				0D0107EA1F31BA0C0099F55C /* Info.plist */,
			);
			path = "相冊UITests";
			sourceTree = "<group>";
		};
		0D0108011F31BD850099F55C /* images */ = {
			isa = PBXGroup;
			children = (
				0D0107F61F31BD030099F55C /* 03.jpg */,
				0D0107F71F31BD030099F55C /* 04.jpg */,
				0D0107F81F31BD030099F55C /* 01.jpg */,
				0D0107F91F31BD030099F55C /* 02.jpg */,
				0D0107FA1F31BD030099F55C /* 05.jpg */,
			);
			name = images;
			sourceTree = "<group>";
		};
/* End PBXGroup section */

/* Begin PBXNativeTarget section */
		0D0107C41F31BA0B0099F55C /* 相冊 */ = {
			isa = PBXNativeTarget;
			buildConfigurationList = 0D0107ED1F31BA0C0099F55C /* Build configuration list for PBXNativeTarget "相冊" */;
			buildPhases = (
				0D0107C11F31BA0B0099F55C /* Sources */,
				0D0107C21F31BA0B0099F55C /* Frameworks */,
				0D0107C31F31BA0B0099F55C /* Resources */,
			);
			buildRules = (
			);
			dependencies = (
			);
			name = "相冊";
			productName = "相冊";
			productReference = 0D0107C51F31BA0B0099F55C /* 相冊.app */;
			productType = "com.apple.product-type.application";
		};
		0D0107D81F31BA0C0099F55C /* 相冊Tests */ = {
			isa = PBXNativeTarget;
			buildConfigurationList = 0D0107F01F31BA0C0099F55C /* Build configuration list for PBXNativeTarget "相冊Tests" */;
			buildPhases = (
				0D0107D51F31BA0C0099F55C /* Sources */,
				0D0107D61F31BA0C0099F55C /* Frameworks */,
				0D0107D71F31BA0C0099F55C /* Resources */,
			);
			buildRules = (
			);
			dependencies = (
				0D0107DB1F31BA0C0099F55C /* PBXTargetDependency */,
			);
			name = "相冊Tests";
			productName = "相冊Tests";
			productReference = 0D0107D91F31BA0C0099F55C /* 相冊Tests.xctest */;
			productType = "com.apple.product-type.bundle.unit-test";
		};
		0D0107E31F31BA0C0099F55C /* 相冊UITests */ = {
			isa = PBXNativeTarget;
			buildConfigurationList = 0D0107F31F31BA0C0099F55C /* Build configuration list for PBXNativeTarget "相冊UITests" */;
			buildPhases = (
				0D0107E01F31BA0C0099F55C /* Sources */,
				0D0107E11F31BA0C0099F55C /* Frameworks */,
				0D0107E21F31BA0C0099F55C /* Resources */,
			);
			buildRules = (
			);
			dependencies = (
				0D0107E61F31BA0C0099F55C /* PBXTargetDependency */,
			);
			name = "相冊UITests";
			productName = "相冊UITests";
			productReference = 0D0107E41F31BA0C0099F55C /* 相冊UITests.xctest */;
			productType = "com.apple.product-type.bundle.ui-testing";
		};
/* End PBXNativeTarget section */

/* Begin PBXProject section */
		0D0107BD1F31BA0B0099F55C /* Project object */ = {
			isa = PBXProject;
			attributes = {
				LastSwiftUpdateCheck = 0830;
				LastUpgradeCheck = 0830;
				ORGANIZATIONNAME = "Eric Yu-Wei Chen";
				TargetAttributes = {
					0D0107C41F31BA0B0099F55C = {
						CreatedOnToolsVersion = 8.3.2;
						ProvisioningStyle = Automatic;
					};
					0D0107D81F31BA0C0099F55C = {
						CreatedOnToolsVersion = 8.3.2;
						ProvisioningStyle = Automatic;
						TestTargetID = 0D0107C41F31BA0B0099F55C;
					};
					0D0107E31F31BA0C0099F55C = {
						CreatedOnToolsVersion = 8.3.2;
						ProvisioningStyle = Automatic;
						TestTargetID = 0D0107C41F31BA0B0099F55C;
					};
				};
			};
			buildConfigurationList = 0D0107C01F31BA0B0099F55C /* Build configuration list for PBXProject "相冊" */;
			compatibilityVersion = "Xcode 3.2";
			developmentRegion = English;
			hasScannedForEncodings = 0;
			knownRegions = (
				en,
				Base,
			);
			mainGroup = 0D0107BC1F31BA0B0099F55C;
			productRefGroup = 0D0107C61F31BA0B0099F55C /* Products */;
			projectDirPath = "";
			projectRoot = "";
			targets = (
				0D0107C41F31BA0B0099F55C /* 相冊 */,
				0D0107D81F31BA0C0099F55C /* 相冊Tests */,
				0D0107E31F31BA0C0099F55C /* 相冊UITests */,
			);
		};
/* End PBXProject section */

/* Begin PBXResourcesBuildPhase section */
		0D0107C31F31BA0B0099F55C /* Resources */ = {
			isa = PBXResourcesBuildPhase;
			buildActionMask = 2147483647;
			files = (
				0D0107FC1F31BD030099F55C /* 04.jpg in Resources */,
				0D0107FB1F31BD030099F55C /* 03.jpg in Resources */,
				0D0107FF1F31BD030099F55C /* 05.jpg in Resources */,
				0D0107FD1F31BD030099F55C /* 01.jpg in Resources */,
				0D0107FE1F31BD030099F55C /* 02.jpg in Resources */,
				0D0107D31F31BA0B0099F55C /* LaunchScreen.storyboard in Resources */,
				0D0107D01F31BA0B0099F55C /* Assets.xcassets in Resources */,
				0D0107CE1F31BA0B0099F55C /* Main.storyboard in Resources */,
			);
			runOnlyForDeploymentPostprocessing = 0;
		};
		0D0107D71F31BA0C0099F55C /* Resources */ = {
			isa = PBXResourcesBuildPhase;
			buildActionMask = 2147483647;
			files = (
			);
			runOnlyForDeploymentPostprocessing = 0;
		};
		0D0107E21F31BA0C0099F55C /* Resources */ = {
			isa = PBXResourcesBuildPhase;
			buildActionMask = 2147483647;
			files = (
			);
			runOnlyForDeploymentPostprocessing = 0;
		};
/* End PBXResourcesBuildPhase section */

/* Begin PBXSourcesBuildPhase section */
		0D0107C11F31BA0B0099F55C /* Sources */ = {
			isa = PBXSourcesBuildPhase;
			buildActionMask = 2147483647;
			files = (
				0D0107CB1F31BA0B0099F55C /* ViewController.swift in Sources */,
				0D0107C91F31BA0B0099F55C /* AppDelegate.swift in Sources */,
			);
			runOnlyForDeploymentPostprocessing = 0;
		};
		0D0107D51F31BA0C0099F55C /* Sources */ = {
			isa = PBXSourcesBuildPhase;
			buildActionMask = 2147483647;
			files = (
				0D0107DE1F31BA0C0099F55C /* __Tests.swift in Sources */,
			);
			runOnlyForDeploymentPostprocessing = 0;
		};
		0D0107E01F31BA0C0099F55C /* Sources */ = {
			isa = PBXSourcesBuildPhase;
			buildActionMask = 2147483647;
			files = (
				0D0107E91F31BA0C0099F55C /* __UITests.swift in Sources */,
			);
			runOnlyForDeploymentPostprocessing = 0;
		};
/* End PBXSourcesBuildPhase section */

/* Begin PBXTargetDependency section */
		0D0107DB1F31BA0C0099F55C /* PBXTargetDependency */ = {
			isa = PBXTargetDependency;
			target = 0D0107C41F31BA0B0099F55C /* 相冊 */;
			targetProxy = 0D0107DA1F31BA0C0099F55C /* PBXContainerItemProxy */;
		};
		0D0107E61F31BA0C0099F55C /* PBXTargetDependency */ = {
			isa = PBXTargetDependency;
			target = 0D0107C41F31BA0B0099F55C /* 相冊 */;
			targetProxy = 0D0107E51F31BA0C0099F55C /* PBXContainerItemProxy */;
		};
/* End PBXTargetDependency section */

/* Begin PBXVariantGroup section */
		0D0107CC1F31BA0B0099F55C /* Main.storyboard */ = {
			isa = PBXVariantGroup;
			children = (
				0D0107CD1F31BA0B0099F55C /* Base */,
			);
			name = Main.storyboard;
			sourceTree = "<group>";
		};
		0D0107D11F31BA0B0099F55C /* LaunchScreen.storyboard */ = {
			isa = PBXVariantGroup;
			children = (
				0D0107D21F31BA0B0099F55C /* Base */,
			);
			name = LaunchScreen.storyboard;
			sourceTree = "<group>";
		};
/* End PBXVariantGroup section */

/* Begin XCBuildConfiguration section */
		0D0107EB1F31BA0C0099F55C /* Debug */ = {
			isa = XCBuildConfiguration;
			buildSettings = {
				ALWAYS_SEARCH_USER_PATHS = NO;
				CLANG_ANALYZER_NONNULL = YES;
				CLANG_ANALYZER_NUMBER_OBJECT_CONVERSION = YES_AGGRESSIVE;
				CLANG_CXX_LANGUAGE_STANDARD = "gnu++0x";
				CLANG_CXX_LIBRARY = "libc++";
				CLANG_ENABLE_MODULES = YES;
				CLANG_ENABLE_OBJC_ARC = YES;
				CLANG_WARN_BOOL_CONVERSION = YES;
				CLANG_WARN_CONSTANT_CONVERSION = YES;
				CLANG_WARN_DIRECT_OBJC_ISA_USAGE = YES_ERROR;
				CLANG_WARN_DOCUMENTATION_COMMENTS = YES;
				CLANG_WARN_EMPTY_BODY = YES;
				CLANG_WARN_ENUM_CONVERSION = YES;
				CLANG_WARN_INFINITE_RECURSION = YES;
				CLANG_WARN_INT_CONVERSION = YES;
				CLANG_WARN_OBJC_ROOT_CLASS = YES_ERROR;
				CLANG_WARN_SUSPICIOUS_MOVE = YES;
				CLANG_WARN_UNREACHABLE_CODE = YES;
				CLANG_WARN__DUPLICATE_METHOD_MATCH = YES;
				"CODE_SIGN_IDENTITY[sdk=iphoneos*]" = "iPhone Developer";
				COPY_PHASE_STRIP = NO;
				DEBUG_INFORMATION_FORMAT = dwarf;
				ENABLE_STRICT_OBJC_MSGSEND = YES;
				ENABLE_TESTABILITY = YES;
				GCC_C_LANGUAGE_STANDARD = gnu99;
				GCC_DYNAMIC_NO_PIC = NO;
				GCC_NO_COMMON_BLOCKS = YES;
				GCC_OPTIMIZATION_LEVEL = 0;
				GCC_PREPROCESSOR_DEFINITIONS = (
					"DEBUG=1",
					"$(inherited)",
				);
				GCC_WARN_64_TO_32_BIT_CONVERSION = YES;
				GCC_WARN_ABOUT_RETURN_TYPE = YES_ERROR;
				GCC_WARN_UNDECLARED_SELECTOR = YES;
				GCC_WARN_UNINITIALIZED_AUTOS = YES_AGGRESSIVE;
				GCC_WARN_UNUSED_FUNCTION = YES;
				GCC_WARN_UNUSED_VARIABLE = YES;
				IPHONEOS_DEPLOYMENT_TARGET = 10.3;
				MTL_ENABLE_DEBUG_INFO = YES;
				ONLY_ACTIVE_ARCH = YES;
				SDKROOT = iphoneos;
				SWIFT_ACTIVE_COMPILATION_CONDITIONS = DEBUG;
				SWIFT_OPTIMIZATION_LEVEL = "-Onone";
				TARGETED_DEVICE_FAMILY = "1,2";
			};
			name = Debug;
		};
		0D0107EC1F31BA0C0099F55C /* Release */ = {
			isa = XCBuildConfiguration;
			buildSettings = {
				ALWAYS_SEARCH_USER_PATHS = NO;
				CLANG_ANALYZER_NONNULL = YES;
				CLANG_ANALYZER_NUMBER_OBJECT_CONVERSION = YES_AGGRESSIVE;
				CLANG_CXX_LANGUAGE_STANDARD = "gnu++0x";
				CLANG_CXX_LIBRARY = "libc++";
				CLANG_ENABLE_MODULES = YES;
				CLANG_ENABLE_OBJC_ARC = YES;
				CLANG_WARN_BOOL_CONVERSION = YES;
				CLANG_WARN_CONSTANT_CONVERSION = YES;
				CLANG_WARN_DIRECT_OBJC_ISA_USAGE = YES_ERROR;
				CLANG_WARN_DOCUMENTATION_COMMENTS = YES;
				CLANG_WARN_EMPTY_BODY = YES;
				CLANG_WARN_ENUM_CONVERSION = YES;
				CLANG_WARN_INFINITE_RECURSION = YES;
				CLANG_WARN_INT_CONVERSION = YES;
				CLANG_WARN_OBJC_ROOT_CLASS = YES_ERROR;
				CLANG_WARN_SUSPICIOUS_MOVE = YES;
				CLANG_WARN_UNREACHABLE_CODE = YES;
				CLANG_WARN__DUPLICATE_METHOD_MATCH = YES;
				"CODE_SIGN_IDENTITY[sdk=iphoneos*]" = "iPhone Developer";
				COPY_PHASE_STRIP = NO;
				DEBUG_INFORMATION_FORMAT = "dwarf-with-dsym";
				ENABLE_NS_ASSERTIONS = NO;
				ENABLE_STRICT_OBJC_MSGSEND = YES;
				GCC_C_LANGUAGE_STANDARD = gnu99;
				GCC_NO_COMMON_BLOCKS = YES;
				GCC_WARN_64_TO_32_BIT_CONVERSION = YES;
				GCC_WARN_ABOUT_RETURN_TYPE = YES_ERROR;
				GCC_WARN_UNDECLARED_SELECTOR = YES;
				GCC_WARN_UNINITIALIZED_AUTOS = YES_AGGRESSIVE;
				GCC_WARN_UNUSED_FUNCTION = YES;
				GCC_WARN_UNUSED_VARIABLE = YES;
				IPHONEOS_DEPLOYMENT_TARGET = 10.3;
				MTL_ENABLE_DEBUG_INFO = NO;
				SDKROOT = iphoneos;
				SWIFT_OPTIMIZATION_LEVEL = "-Owholemodule";
				TARGETED_DEVICE_FAMILY = "1,2";
				VALIDATE_PRODUCT = YES;
			};
			name = Release;
		};
		0D0107EE1F31BA0C0099F55C /* Debug */ = {
			isa = XCBuildConfiguration;
			buildSettings = {
				ASSETCATALOG_COMPILER_APPICON_NAME = AppIcon;
				INFOPLIST_FILE = "相冊/Info.plist";
				LD_RUNPATH_SEARCH_PATHS = "$(inherited) @executable_path/Frameworks";
				PRODUCT_BUNDLE_IDENTIFIER = "com.sample.--";
				PRODUCT_NAME = "$(TARGET_NAME)";
				SWIFT_VERSION = 3.0;
			};
			name = Debug;
		};
		0D0107EF1F31BA0C0099F55C /* Release */ = {
			isa = XCBuildConfiguration;
			buildSettings = {
				ASSETCATALOG_COMPILER_APPICON_NAME = AppIcon;
				INFOPLIST_FILE = "相冊/Info.plist";
				LD_RUNPATH_SEARCH_PATHS = "$(inherited) @executable_path/Frameworks";
				PRODUCT_BUNDLE_IDENTIFIER = "com.sample.--";
				PRODUCT_NAME = "$(TARGET_NAME)";
				SWIFT_VERSION = 3.0;
			};
			name = Release;
		};
		0D0107F11F31BA0C0099F55C /* Debug */ = {
			isa = XCBuildConfiguration;
			buildSettings = {
				ALWAYS_EMBED_SWIFT_STANDARD_LIBRARIES = YES;
				BUNDLE_LOADER = "$(TEST_HOST)";
				INFOPLIST_FILE = "相冊Tests/Info.plist";
				LD_RUNPATH_SEARCH_PATHS = "$(inherited) @executable_path/Frameworks @loader_path/Frameworks";
				PRODUCT_BUNDLE_IDENTIFIER = "com.sample.--Tests";
				PRODUCT_NAME = "$(TARGET_NAME)";
				SWIFT_VERSION = 3.0;
				TEST_HOST = "$(BUILT_PRODUCTS_DIR)/相冊.app/相冊";
			};
			name = Debug;
		};
		0D0107F21F31BA0C0099F55C /* Release */ = {
			isa = XCBuildConfiguration;
			buildSettings = {
				ALWAYS_EMBED_SWIFT_STANDARD_LIBRARIES = YES;
				BUNDLE_LOADER = "$(TEST_HOST)";
				INFOPLIST_FILE = "相冊Tests/Info.plist";
				LD_RUNPATH_SEARCH_PATHS = "$(inherited) @executable_path/Frameworks @loader_path/Frameworks";
				PRODUCT_BUNDLE_IDENTIFIER = "com.sample.--Tests";
				PRODUCT_NAME = "$(TARGET_NAME)";
				SWIFT_VERSION = 3.0;
				TEST_HOST = "$(BUILT_PRODUCTS_DIR)/相冊.app/相冊";
			};
			name = Release;
		};
		0D0107F41F31BA0C0099F55C /* Debug */ = {
			isa = XCBuildConfiguration;
			buildSettings = {
				ALWAYS_EMBED_SWIFT_STANDARD_LIBRARIES = YES;
				INFOPLIST_FILE = "相冊UITests/Info.plist";
				LD_RUNPATH_SEARCH_PATHS = "$(inherited) @executable_path/Frameworks @loader_path/Frameworks";
				PRODUCT_BUNDLE_IDENTIFIER = "com.sample.--UITests";
				PRODUCT_NAME = "$(TARGET_NAME)";
				SWIFT_VERSION = 3.0;
				TEST_TARGET_NAME = "相冊";
			};
			name = Debug;
		};
		0D0107F51F31BA0C0099F55C /* Release */ = {
			isa = XCBuildConfiguration;
			buildSettings = {
				ALWAYS_EMBED_SWIFT_STANDARD_LIBRARIES = YES;
				INFOPLIST_FILE = "相冊UITests/Info.plist";
				LD_RUNPATH_SEARCH_PATHS = "$(inherited) @executable_path/Frameworks @loader_path/Frameworks";
				PRODUCT_BUNDLE_IDENTIFIER = "com.sample.--UITests";
				PRODUCT_NAME = "$(TARGET_NAME)";
				SWIFT_VERSION = 3.0;
				TEST_TARGET_NAME = "相冊";
			};
			name = Release;
		};
/* End XCBuildConfiguration section */

/* Begin XCConfigurationList section */
		0D0107C01F31BA0B0099F55C /* Build configuration list for PBXProject "相冊" */ = {
			isa = XCConfigurationList;
			buildConfigurations = (
				0D0107EB1F31BA0C0099F55C /* Debug */,
				0D0107EC1F31BA0C0099F55C /* Release */,
			);
			defaultConfigurationIsVisible = 0;
			defaultConfigurationName = Release;
		};
		0D0107ED1F31BA0C0099F55C /* Build configuration list for PBXNativeTarget "相冊" */ = {
			isa = XCConfigurationList;
			buildConfigurations = (
				0D0107EE1F31BA0C0099F55C /* Debug */,
				0D0107EF1F31BA0C0099F55C /* Release */,
			);
			defaultConfigurationIsVisible = 0;
		};
		0D0107F01F31BA0C0099F55C /* Build configuration list for PBXNativeTarget "相冊Tests" */ = {
			isa = XCConfigurationList;
			buildConfigurations = (
				0D0107F11F31BA0C0099F55C /* Debug */,
				0D0107F21F31BA0C0099F55C /* Release */,
			);
			defaultConfigurationIsVisible = 0;
		};
		0D0107F31F31BA0C0099F55C /* Build configuration list for PBXNativeTarget "相冊UITests" */ = {
			isa = XCConfigurationList;
			buildConfigurations = (
				0D0107F41F31BA0C0099F55C /* Debug */,
				0D0107F51F31BA0C0099F55C /* Release */,
			);
			defaultConfigurationIsVisible = 0;
		};
/* End XCConfigurationList section */
	};
	rootObject = 0D0107BD1F31BA0B0099F55C /* Project object */;
}
